// !$*UTF8*$!
{
	archiveVersion = 1;
	classes = {
	};
	objectVersion = 56;
	objects = {

/* Begin PBXBuildFile section */
		000000000000000000000101 /* XiaodongwuYetanhuiApp.swift in Sources */ = {isa = PBXBuildFile; fileRef = 000000000000000000000201 /* XiaodongwuYetanhuiApp.swift */; };
		000000000000000000000102 /* AppRootView.swift in Sources */ = {isa = PBXBuildFile; fileRef = 000000000000000000000202 /* AppRootView.swift */; };
		000000000000000000000103 /* CompanionModels.swift in Sources */ = {isa = PBXBuildFile; fileRef = 000000000000000000000203 /* CompanionModels.swift */; };
		000000000000000000000104 /* SQLiteDatabase.swift in Sources */ = {isa = PBXBuildFile; fileRef = 000000000000000000000204 /* SQLiteDatabase.swift */; };
		000000000000000000000105 /* CompanionStore.swift in Sources */ = {isa = PBXBuildFile; fileRef = 000000000000000000000205 /* CompanionStore.swift */; };
		000000000000000000000106 /* SharedViews.swift in Sources */ = {isa = PBXBuildFile; fileRef = 000000000000000000000206 /* SharedViews.swift */; };
		000000000000000000000107 /* ChatView.swift in Sources */ = {isa = PBXBuildFile; fileRef = 000000000000000000000207 /* ChatView.swift */; };
		000000000000000000000108 /* StateOverviewView.swift in Sources */ = {isa = PBXBuildFile; fileRef = 000000000000000000000208 /* StateOverviewView.swift */; };
		000000000000000000000109 /* MemoryListView.swift in Sources */ = {isa = PBXBuildFile; fileRef = 000000000000000000000209 /* MemoryListView.swift */; };
		000000000000000000000110 /* CompanionGardenView.swift in Sources */ = {isa = PBXBuildFile; fileRef = 000000000000000000000210 /* CompanionGardenView.swift */; };
		000000000000000000000111 /* libsqlite3.tbd in Frameworks */ = {isa = PBXBuildFile; fileRef = 000000000000000000000301 /* libsqlite3.tbd */; };
		000000000000000000000113 /* mianmian-sheep-alpha.webp in Resources */ = {isa = PBXBuildFile; fileRef = 000000000000000000000303 /* mianmian-sheep-alpha.webp */; };
		000000000000000000000114 /* shishi-turtle-alpha.webp in Resources */ = {isa = PBXBuildFile; fileRef = 000000000000000000000304 /* shishi-turtle-alpha.webp */; };
		000000000000000000000115 /* momo-crow-alpha.webp in Resources */ = {isa = PBXBuildFile; fileRef = 000000000000000000000305 /* momo-crow-alpha.webp */; };
		000000000000000000000116 /* youyou-rabbit-alpha.webp in Resources */ = {isa = PBXBuildFile; fileRef = 000000000000000000000306 /* youyou-rabbit-alpha.webp */; };
		000000000000000000000117 /* shanshan-butterfly-alpha.webp in Resources */ = {isa = PBXBuildFile; fileRef = 000000000000000000000307 /* shanshan-butterfly-alpha.webp */; };
		000000000000000000000118 /* gangan-tiger-alpha.webp in Resources */ = {isa = PBXBuildFile; fileRef = 000000000000000000000308 /* gangan-tiger-alpha.webp */; };
		000000000000000000000119 /* mianmian-sheep-showcase.png in Resources */ = {isa = PBXBuildFile; fileRef = 000000000000000000000309 /* mianmian-sheep-showcase.png */; };
		000000000000000000000120 /* shishi-turtle-showcase.png in Resources */ = {isa = PBXBuildFile; fileRef = 000000000000000000000310 /* shishi-turtle-showcase.png */; };
		000000000000000000000121 /* momo-crow-showcase.png in Resources */ = {isa = PBXBuildFile; fileRef = 000000000000000000000311 /* momo-crow-showcase.png */; };
		000000000000000000000122 /* youyou-rabbit-showcase.png in Resources */ = {isa = PBXBuildFile; fileRef = 000000000000000000000312 /* youyou-rabbit-showcase.png */; };
		000000000000000000000123 /* shanshan-butterfly-showcase.png in Resources */ = {isa = PBXBuildFile; fileRef = 000000000000000000000313 /* shanshan-butterfly-showcase.png */; };
		000000000000000000000124 /* gangan-tiger-showcase.png in Resources */ = {isa = PBXBuildFile; fileRef = 000000000000000000000314 /* gangan-tiger-showcase.png */; };
		000000000000000000000125 /* ChatService.swift in Sources */ = {isa = PBXBuildFile; fileRef = 000000000000000000000315 /* ChatService.swift */; };
		000000000000000000000126 /* SettingsView.swift in Sources */ = {isa = PBXBuildFile; fileRef = 000000000000000000000316 /* SettingsView.swift */; };
		000000000000000000000127 /* EmotionCheckInView.swift in Sources */ = {isa = PBXBuildFile; fileRef = 000000000000000000000317 /* EmotionCheckInView.swift */; };
		000000000000000000000128 /* InteractionService.swift in Sources */ = {isa = PBXBuildFile; fileRef = 000000000000000000000318 /* InteractionService.swift */; };
		000000000000000000000129 /* InteractionViews.swift in Sources */ = {isa = PBXBuildFile; fileRef = 000000000000000000000319 /* InteractionViews.swift */; };
		000000000000000000000130 /* RecommendationService.swift in Sources */ = {isa = PBXBuildFile; fileRef = 000000000000000000000320 /* RecommendationService.swift */; };
		000000000000000000000131 /* nighttalk-home-bg-v1.png in Resources */ = {isa = PBXBuildFile; fileRef = 000000000000000000000321 /* nighttalk-home-bg-v1.png */; };
		000000000000000000000132 /* nighttalk-home-bg-v2.png in Resources */ = {isa = PBXBuildFile; fileRef = 000000000000000000000322 /* nighttalk-home-bg-v2.png */; };
		000000000000000000000133 /* nighttalk-home-bg-v3.png in Resources */ = {isa = PBXBuildFile; fileRef = 000000000000000000000323 /* nighttalk-home-bg-v3.png */; };
		000000000000000000000134 /* nighttalk-home-bg-v4.png in Resources */ = {isa = PBXBuildFile; fileRef = 000000000000000000000324 /* nighttalk-home-bg-v4.png */; };
		000000000000000000000135 /* nighttalk-home-bg-v6.png in Resources */ = {isa = PBXBuildFile; fileRef = 000000000000000000000325 /* nighttalk-home-bg-v6.png */; };
		000000000000000000000136 /* Assets.xcassets in Resources */ = {isa = PBXBuildFile; fileRef = 000000000000000000000326 /* Assets.xcassets */; };
		000000000000000000000137 /* sensen-home-rabbit-quiet-v1.png in Resources */ = {isa = PBXBuildFile; fileRef = 000000000000000000000327 /* sensen-home-rabbit-quiet-v1.png */; };
		000000000000000000000138 /* sensen-home-hero-rabbit-v2.png in Resources */ = {isa = PBXBuildFile; fileRef = 000000000000000000000328 /* sensen-home-hero-rabbit-v2.png */; };
		000000000000000000000139 /* sensen-prop-lantern-v1.png in Resources */ = {isa = PBXBuildFile; fileRef = 000000000000000000000329 /* sensen-prop-lantern-v1.png */; };
		000000000000000000000140 /* sensen-rabbit-flat-icon-v1.png in Resources */ = {isa = PBXBuildFile; fileRef = 000000000000000000000330 /* sensen-rabbit-flat-icon-v1.png */; };
		000000000000000000000141 /* sensen-emoji-yoyo-bashful-v1.png in Resources */ = {isa = PBXBuildFile; fileRef = 000000000000000000000331 /* sensen-emoji-yoyo-bashful-v1.png */; };
		000000000000000000000142 /* sensen-emoji-yoyo-bashful.webp in Resources */ = {isa = PBXBuildFile; fileRef = 000000000000000000000332 /* sensen-emoji-yoyo-bashful.webp */; };
		000000000000000000000143 /* sensen-emoji-yoyo-concerned.webp in Resources */ = {isa = PBXBuildFile; fileRef = 000000000000000000000333 /* sensen-emoji-yoyo-concerned.webp */; };
		000000000000000000000144 /* sensen-emoji-yoyo-gentlesmile.webp in Resources */ = {isa = PBXBuildFile; fileRef = 000000000000000000000334 /* sensen-emoji-yoyo-gentlesmile.webp */; };
		000000000000000000000145 /* sensen-emoji-yoyo-hug.webp in Resources */ = {isa = PBXBuildFile; fileRef = 000000000000000000000335 /* sensen-emoji-yoyo-hug.webp */; };
		000000000000000000000146 /* sensen-emoji-yoyo-listening.webp in Resources */ = {isa = PBXBuildFile; fileRef = 000000000000000000000336 /* sensen-emoji-yoyo-listening.webp */; };
		000000000000000000000147 /* sensen-emoji-yoyo-proud.webp in Resources */ = {isa = PBXBuildFile; fileRef = 000000000000000000000337 /* sensen-emoji-yoyo-proud.webp */; };
		000000000000000000000148 /* sensen-emoji-yoyo-understanding.webp in Resources */ = {isa = PBXBuildFile; fileRef = 000000000000000000000338 /* sensen-emoji-yoyo-understanding.webp */; };
		000000000000000000000149 /* sensen-emoji-momo-celebrate.webp in Resources */ = {isa = PBXBuildFile; fileRef = 000000000000000000000339 /* sensen-emoji-momo-celebrate.webp */; };
		000000000000000000000150 /* sensen-emoji-momo-curious.webp in Resources */ = {isa = PBXBuildFile; fileRef = 000000000000000000000340 /* sensen-emoji-momo-curious.webp */; };
		000000000000000000000151 /* sensen-emoji-momo-encouraging.webp in Resources */ = {isa = PBXBuildFile; fileRef = 000000000000000000000341 /* sensen-emoji-momo-encouraging.webp */; };
		000000000000000000000152 /* sensen-emoji-momo-hi.webp in Resources */ = {isa = PBXBuildFile; fileRef = 000000000000000000000342 /* sensen-emoji-momo-hi.webp */; };
		000000000000000000000153 /* sensen-emoji-momo-ok.webp in Resources */ = {isa = PBXBuildFile; fileRef = 000000000000000000000343 /* sensen-emoji-momo-ok.webp */; };
		000000000000000000000154 /* sensen-emoji-momo-ready.webp in Resources */ = {isa = PBXBuildFile; fileRef = 000000000000000000000344 /* sensen-emoji-momo-ready.webp */; };
		000000000000000000000155 /* sensen-emoji-momo-thinking.webp in Resources */ = {isa = PBXBuildFile; fileRef = 000000000000000000000345 /* sensen-emoji-momo-thinking.webp */; };
		000000000000000000000156 /* sensen-emoji-momo-wistful.webp in Resources */ = {isa = PBXBuildFile; fileRef = 000000000000000000000346 /* sensen-emoji-momo-wistful.webp */; };
		000000000000000000000157 /* sensen-emoji-yoran-content.webp in Resources */ = {isa = PBXBuildFile; fileRef = 000000000000000000000347 /* sensen-emoji-yoran-content.webp */; };
		000000000000000000000158 /* sensen-emoji-yoran-ready.webp in Resources */ = {isa = PBXBuildFile; fileRef = 000000000000000000000348 /* sensen-emoji-yoran-ready.webp */; };
		000000000000000000000159 /* sensen-emoji-yoran-sad.webp in Resources */ = {isa = PBXBuildFile; fileRef = 000000000000000000000349 /* sensen-emoji-yoran-sad.webp */; };
		000000000000000000000160 /* sensen-emoji-yoran-serene.webp in Resources */ = {isa = PBXBuildFile; fileRef = 000000000000000000000350 /* sensen-emoji-yoran-serene.webp */; };
		000000000000000000000161 /* sensen-emoji-yoran-wistful.webp in Resources */ = {isa = PBXBuildFile; fileRef = 000000000000000000000351 /* sensen-emoji-yoran-wistful.webp */; };
		000000000000000000000162 /* sensen-scene-moonlight-tea.png in Resources */ = {isa = PBXBuildFile; fileRef = 000000000000000000000352 /* sensen-scene-moonlight-tea.png */; };
		000000000000000000000163 /* sensen-scene-campfire-companion.png in Resources */ = {isa = PBXBuildFile; fileRef = 000000000000000000000353 /* sensen-scene-campfire-companion.png */; };
		000000000000000000000164 /* sensen-scene-rainy-mushroom-house.png in Resources */ = {isa = PBXBuildFile; fileRef = 000000000000000000000354 /* sensen-scene-rainy-mushroom-house.png */; };
		000000000000000000000165 /* sensen-scene-forest-bench.png in Resources */ = {isa = PBXBuildFile; fileRef = 000000000000000000000355 /* sensen-scene-forest-bench.png */; };
		000000000000000000000166 /* sensen-scene-starlight-post-office.png in Resources */ = {isa = PBXBuildFile; fileRef = 000000000000000000000356 /* sensen-scene-starlight-post-office.png */; };
		000000000000000000000167 /* sensen-scene-river-afternoon.png in Resources */ = {isa = PBXBuildFile; fileRef = 000000000000000000000357 /* sensen-scene-river-afternoon.png */; };
		000000000000000000000168 /* sensen-scene-flower-garden-gathering.png in Resources */ = {isa = PBXBuildFile; fileRef = 000000000000000000000358 /* sensen-scene-flower-garden-gathering.png */; };
		000000000000000000000169 /* sensen-scene-rainbow-hill.png in Resources */ = {isa = PBXBuildFile; fileRef = 000000000000000000000359 /* sensen-scene-rainbow-hill.png */; };
		000000000000000000000170 /* sensen-scene-snow-cabin.png in Resources */ = {isa = PBXBuildFile; fileRef = 000000000000000000000360 /* sensen-scene-snow-cabin.png */; };
		000000000000000000000171 /* sensen-scene-morning-breakfast-shop.png in Resources */ = {isa = PBXBuildFile; fileRef = 000000000000000000000361 /* sensen-scene-morning-breakfast-shop.png */; };
		000000000000000000000172 /* sensen-scene-firefly-meadow.png in Resources */ = {isa = PBXBuildFile; fileRef = 000000000000000000000362 /* sensen-scene-firefly-meadow.png */; };
		000000000000000000000173 /* sensen-scene-forest-library.png in Resources */ = {isa = PBXBuildFile; fileRef = 000000000000000000000363 /* sensen-scene-forest-library.png */; };
		000000000000000000000174 /* sensen-scene-wishing-tree.png in Resources */ = {isa = PBXBuildFile; fileRef = 000000000000000000000364 /* sensen-scene-wishing-tree.png */; };
		000000000000000000000175 /* sensen-scene-sunset-lake.png in Resources */ = {isa = PBXBuildFile; fileRef = 000000000000000000000365 /* sensen-scene-sunset-lake.png */; };
		000000000000000000000176 /* sensen-scene-cloud-observatory.png in Resources */ = {isa = PBXBuildFile; fileRef = 000000000000000000000366 /* sensen-scene-cloud-observatory.png */; };
		000000000000000000000177 /* sensen-home-cloud-observatory-full.png in Resources */ = {isa = PBXBuildFile; fileRef = 000000000000000000000367 /* sensen-home-cloud-observatory-full.png */; };
		000000000000000000000178 /* StarMapView.swift in Sources */ = {isa = PBXBuildFile; fileRef = 000000000000000000000368 /* StarMapView.swift */; };
		000000000000000000000179 /* home_background_cloud.png in Resources */ = {isa = PBXBuildFile; fileRef = 000000000000000000000369 /* home_background_cloud.png */; };
		000000000000000000000180 /* starmap_background_cloud.png in Resources */ = {isa = PBXBuildFile; fileRef = 000000000000000000000370 /* starmap_background_cloud.png */; };
		000000000000000000000181 /* forest_map_background.png in Resources */ = {isa = PBXBuildFile; fileRef = 000000000000000000000371 /* forest_map_background.png */; };
		000000000000000000000182 /* bailan-rabbit-couch.png in Resources */ = {isa = PBXBuildFile; fileRef = 000000000000000000000372 /* bailan-rabbit-couch.png */; };
		000000000000000000000183 /* bailan-destroy-button.png in Resources */ = {isa = PBXBuildFile; fileRef = 000000000000000000000373 /* bailan-destroy-button.png */; };
		000000000000000000000184 /* bailan-world-destroyed.png in Resources */ = {isa = PBXBuildFile; fileRef = 000000000000000000000374 /* bailan-world-destroyed.png */; };
		000000000000000000000185 /* bailan-world-pause.png in Resources */ = {isa = PBXBuildFile; fileRef = 000000000000000000000375 /* bailan-world-pause.png */; };
		000000000000000000000186 /* bailan-background.png in Resources */ = {isa = PBXBuildFile; fileRef = 000000000000000000000376 /* bailan-background.png */; };
		000000000000000000000187 /* bailan-sticker-sheet.png in Resources */ = {isa = PBXBuildFile; fileRef = 000000000000000000000377 /* bailan-sticker-sheet.png */; };
		000000000000000000000188 /* bailan-sticker-suanle.png in Resources */ = {isa = PBXBuildFile; fileRef = 000000000000000000000378 /* bailan-sticker-suanle.png */; };
		000000000000000000000189 /* bailan-sticker-dont-care.png in Resources */ = {isa = PBXBuildFile; fileRef = 000000000000000000000379 /* bailan-sticker-dont-care.png */; };
		000000000000000000000190 /* bailan-sticker-lie-down.png in Resources */ = {isa = PBXBuildFile; fileRef = 000000000000000000000380 /* bailan-sticker-lie-down.png */; };
		000000000000000000000191 /* bailan-sticker-milk-tea.png in Resources */ = {isa = PBXBuildFile; fileRef = 000000000000000000000381 /* bailan-sticker-milk-tea.png */; };
		000000000000000000000192 /* bailan-sticker-tomorrow.png in Resources */ = {isa = PBXBuildFile; fileRef = 000000000000000000000382 /* bailan-sticker-tomorrow.png */; };
		000000000000000000000193 /* bailan-sticker-not-moving.png in Resources */ = {isa = PBXBuildFile; fileRef = 000000000000000000000383 /* bailan-sticker-not-moving.png */; };
		000000000000000000000194 /* bailan-sticker-not-listening.png in Resources */ = {isa = PBXBuildFile; fileRef = 000000000000000000000384 /* bailan-sticker-not-listening.png */; };
		000000000000000000000195 /* bailan-sticker-tired.png in Resources */ = {isa = PBXBuildFile; fileRef = 000000000000000000000385 /* bailan-sticker-tired.png */; };
		000000000000000000000196 /* bailan-sticker-no-meaning.png in Resources */ = {isa = PBXBuildFile; fileRef = 000000000000000000000386 /* bailan-sticker-no-meaning.png */; };
		000000000000000000000197 /* bailan-sticker-none-of-my-business.png in Resources */ = {isa = PBXBuildFile; fileRef = 000000000000000000000387 /* bailan-sticker-none-of-my-business.png */; };
		A00000000000000000000198 /* bailan-sticker-tomorrow-chips.png in Resources */ = {isa = PBXBuildFile; fileRef = 000000000000000000000388 /* bailan-sticker-tomorrow-chips.png */; };
		A00000000000000000000199 /* bailan-sticker-lying-flat.png in Resources */ = {isa = PBXBuildFile; fileRef = 000000000000000000000389 /* bailan-sticker-lying-flat.png */; };
		A00000000000000000000200 /* bailan-sticker-not-listening-blanket.png in Resources */ = {isa = PBXBuildFile; fileRef = 000000000000000000000390 /* bailan-sticker-not-listening-blanket.png */; };
		A00000000000000000000201 /* bailan-sticker-tired-table.png in Resources */ = {isa = PBXBuildFile; fileRef = 000000000000000000000391 /* bailan-sticker-tired-table.png */; };
		A00000000000000000000202 /* bailan-sticker-no-meaning-phone.png in Resources */ = {isa = PBXBuildFile; fileRef = 000000000000000000000392 /* bailan-sticker-no-meaning-phone.png */; };
		A00000000000000000000203 /* bailan-sticker-none-of-my-business-butterfly.png in Resources */ = {isa = PBXBuildFile; fileRef = 000000000000000000000393 /* bailan-sticker-none-of-my-business-butterfly.png */; };
		A00000000000000000000204 /* sensen-healing-wind-hill.png in Resources */ = {isa = PBXBuildFile; fileRef = 000000000000000000000394 /* sensen-healing-wind-hill.png */; };
		A00000000000000000000205 /* sensen-healing-seaside-nap.png in Resources */ = {isa = PBXBuildFile; fileRef = 000000000000000000000395 /* sensen-healing-seaside-nap.png */; };
		A00000000000000000000206 /* sensen-healing-sea-overlook.png in Resources */ = {isa = PBXBuildFile; fileRef = 000000000000000000000396 /* sensen-healing-sea-overlook.png */; };
		A00000000000000000000207 /* sensen-healing-sunny-rest.png in Resources */ = {isa = PBXBuildFile; fileRef = 000000000000000000000397 /* sensen-healing-sunny-rest.png */; };
		A00000000000000000000208 /* sensen-healing-blue-balcony.png in Resources */ = {isa = PBXBuildFile; fileRef = 000000000000000000000398 /* sensen-healing-blue-balcony.png */; };
		A00000000000000000000209 /* sensen-healing-sunset-field.png in Resources */ = {isa = PBXBuildFile; fileRef = 000000000000000000000399 /* sensen-healing-sunset-field.png */; };
		B00000000000000000000101 /* SecureSettingsStore.swift in Sources */ = {isa = PBXBuildFile; fileRef = B00000000000000000000201 /* SecureSettingsStore.swift */; };
		B00000000000000000000102 /* LocalDeepSeekService.swift in Sources */ = {isa = PBXBuildFile; fileRef = B00000000000000000000202 /* LocalDeepSeekService.swift */; };
		C00000000000000000000101 /* MacPrototypeView.swift in Sources */ = {isa = PBXBuildFile; fileRef = C00000000000000000000201 /* MacPrototypeView.swift */; };
/* End PBXBuildFile section */

/* Begin PBXFileReference section */
		000000000000000000000201 /* XiaodongwuYetanhuiApp.swift */ = {isa = PBXFileReference; lastKnownFileType = sourcecode.swift; path = XiaodongwuYetanhuiApp.swift; sourceTree = "<group>"; };
		000000000000000000000202 /* AppRootView.swift */ = {isa = PBXFileReference; lastKnownFileType = sourcecode.swift; path = AppRootView.swift; sourceTree = "<group>"; };
		000000000000000000000203 /* CompanionModels.swift */ = {isa = PBXFileReference; lastKnownFileType = sourcecode.swift; path = CompanionModels.swift; sourceTree = "<group>"; };
		000000000000000000000204 /* SQLiteDatabase.swift */ = {isa = PBXFileReference; lastKnownFileType = sourcecode.swift; path = SQLiteDatabase.swift; sourceTree = "<group>"; };
		000000000000000000000205 /* CompanionStore.swift */ = {isa = PBXFileReference; lastKnownFileType = sourcecode.swift; path = CompanionStore.swift; sourceTree = "<group>"; };
		000000000000000000000206 /* SharedViews.swift */ = {isa = PBXFileReference; lastKnownFileType = sourcecode.swift; path = SharedViews.swift; sourceTree = "<group>"; };
		000000000000000000000207 /* ChatView.swift */ = {isa = PBXFileReference; lastKnownFileType = sourcecode.swift; path = ChatView.swift; sourceTree = "<group>"; };
		000000000000000000000208 /* StateOverviewView.swift */ = {isa = PBXFileReference; lastKnownFileType = sourcecode.swift; path = StateOverviewView.swift; sourceTree = "<group>"; };
		000000000000000000000209 /* MemoryListView.swift */ = {isa = PBXFileReference; lastKnownFileType = sourcecode.swift; path = MemoryListView.swift; sourceTree = "<group>"; };
		000000000000000000000210 /* CompanionGardenView.swift */ = {isa = PBXFileReference; lastKnownFileType = sourcecode.swift; path = CompanionGardenView.swift; sourceTree = "<group>"; };
		000000000000000000000211 /* Info.plist */ = {isa = PBXFileReference; lastKnownFileType = text.plist.xml; path = Info.plist; sourceTree = "<group>"; };
		000000000000000000000301 /* libsqlite3.tbd */ = {isa = PBXFileReference; lastKnownFileType = "sourcecode.text-based-dylib-definition"; name = libsqlite3.tbd; path = usr/lib/libsqlite3.tbd; sourceTree = SDKROOT; };
		000000000000000000000303 /* mianmian-sheep-alpha.webp */ = {isa = PBXFileReference; lastKnownFileType = image.webp; name = "mianmian-sheep-alpha.webp"; path = "../app/static/mianmian-sheep-alpha.webp"; sourceTree = SOURCE_ROOT; };
		000000000000000000000304 /* shishi-turtle-alpha.webp */ = {isa = PBXFileReference; lastKnownFileType = image.webp; name = "shishi-turtle-alpha.webp"; path = "../app/static/shishi-turtle-alpha.webp"; sourceTree = SOURCE_ROOT; };
		000000000000000000000305 /* momo-crow-alpha.webp */ = {isa = PBXFileReference; lastKnownFileType = image.webp; name = "momo-crow-alpha.webp"; path = "../app/static/momo-crow-alpha.webp"; sourceTree = SOURCE_ROOT; };
		000000000000000000000306 /* youyou-rabbit-alpha.webp */ = {isa = PBXFileReference; lastKnownFileType = image.webp; name = "youyou-rabbit-alpha.webp"; path = "../app/static/youyou-rabbit-alpha.webp"; sourceTree = SOURCE_ROOT; };
		000000000000000000000307 /* shanshan-butterfly-alpha.webp */ = {isa = PBXFileReference; lastKnownFileType = image.webp; name = "shanshan-butterfly-alpha.webp"; path = "../app/static/shanshan-butterfly-alpha.webp"; sourceTree = SOURCE_ROOT; };
		000000000000000000000308 /* gangan-tiger-alpha.webp */ = {isa = PBXFileReference; lastKnownFileType = image.webp; name = "gangan-tiger-alpha.webp"; path = "../app/static/gangan-tiger-alpha.webp"; sourceTree = SOURCE_ROOT; };
		000000000000000000000309 /* mianmian-sheep-showcase.png */ = {isa = PBXFileReference; lastKnownFileType = image.png; name = "mianmian-sheep-showcase.png"; path = "../app/static/mianmian-sheep-showcase.png"; sourceTree = SOURCE_ROOT; };
		000000000000000000000310 /* shishi-turtle-showcase.png */ = {isa = PBXFileReference; lastKnownFileType = image.png; name = "shishi-turtle-showcase.png"; path = "../app/static/shishi-turtle-showcase.png"; sourceTree = SOURCE_ROOT; };
		000000000000000000000311 /* momo-crow-showcase.png */ = {isa = PBXFileReference; lastKnownFileType = image.png; name = "momo-crow-showcase.png"; path = "../app/static/momo-crow-showcase.png"; sourceTree = SOURCE_ROOT; };
		000000000000000000000312 /* youyou-rabbit-showcase.png */ = {isa = PBXFileReference; lastKnownFileType = image.png; name = "youyou-rabbit-showcase.png"; path = "../app/static/youyou-rabbit-showcase.png"; sourceTree = SOURCE_ROOT; };
		000000000000000000000313 /* shanshan-butterfly-showcase.png */ = {isa = PBXFileReference; lastKnownFileType = image.png; name = "shanshan-butterfly-showcase.png"; path = "../app/static/shanshan-butterfly-showcase.png"; sourceTree = SOURCE_ROOT; };
		000000000000000000000314 /* gangan-tiger-showcase.png */ = {isa = PBXFileReference; lastKnownFileType = image.png; name = "gangan-tiger-showcase.png"; path = "../app/static/gangan-tiger-showcase.png"; sourceTree = SOURCE_ROOT; };
		000000000000000000000315 /* ChatService.swift */ = {isa = PBXFileReference; lastKnownFileType = sourcecode.swift; path = ChatService.swift; sourceTree = "<group>"; };
		000000000000000000000316 /* SettingsView.swift */ = {isa = PBXFileReference; lastKnownFileType = sourcecode.swift; path = SettingsView.swift; sourceTree = "<group>"; };
		000000000000000000000317 /* EmotionCheckInView.swift */ = {isa = PBXFileReference; lastKnownFileType = sourcecode.swift; path = EmotionCheckInView.swift; sourceTree = "<group>"; };
		000000000000000000000318 /* InteractionService.swift */ = {isa = PBXFileReference; lastKnownFileType = sourcecode.swift; path = InteractionService.swift; sourceTree = "<group>"; };
		000000000000000000000319 /* InteractionViews.swift */ = {isa = PBXFileReference; lastKnownFileType = sourcecode.swift; path = InteractionViews.swift; sourceTree = "<group>"; };
		000000000000000000000320 /* RecommendationService.swift */ = {isa = PBXFileReference; lastKnownFileType = sourcecode.swift; path = RecommendationService.swift; sourceTree = "<group>"; };
		000000000000000000000321 /* nighttalk-home-bg-v1.png */ = {isa = PBXFileReference; lastKnownFileType = image.png; name = "nighttalk-home-bg-v1.png"; path = "../app/static/nighttalk-home-bg-v1.png"; sourceTree = SOURCE_ROOT; };
		000000000000000000000322 /* nighttalk-home-bg-v2.png */ = {isa = PBXFileReference; lastKnownFileType = image.png; name = "nighttalk-home-bg-v2.png"; path = "../app/static/nighttalk-home-bg-v2.png"; sourceTree = SOURCE_ROOT; };
		000000000000000000000323 /* nighttalk-home-bg-v3.png */ = {isa = PBXFileReference; lastKnownFileType = image.png; name = "nighttalk-home-bg-v3.png"; path = "../app/static/nighttalk-home-bg-v3.png"; sourceTree = SOURCE_ROOT; };
		000000000000000000000324 /* nighttalk-home-bg-v4.png */ = {isa = PBXFileReference; lastKnownFileType = image.png; name = "nighttalk-home-bg-v4.png"; path = "../app/static/nighttalk-home-bg-v4.png"; sourceTree = SOURCE_ROOT; };
		000000000000000000000325 /* nighttalk-home-bg-v6.png */ = {isa = PBXFileReference; lastKnownFileType = image.png; name = "nighttalk-home-bg-v6.png"; path = "../app/static/nighttalk-home-bg-v6.png"; sourceTree = SOURCE_ROOT; };
		000000000000000000000326 /* Assets.xcassets */ = {isa = PBXFileReference; lastKnownFileType = folder.assetcatalog; path = Assets.xcassets; sourceTree = "<group>"; };
		000000000000000000000327 /* sensen-home-rabbit-quiet-v1.png */ = {isa = PBXFileReference; lastKnownFileType = image.png; name = "sensen-home-rabbit-quiet-v1.png"; path = "../app/static/sensen-home-rabbit-quiet-v1.png"; sourceTree = SOURCE_ROOT; };
		000000000000000000000328 /* sensen-home-hero-rabbit-v2.png */ = {isa = PBXFileReference; lastKnownFileType = image.png; name = "sensen-home-hero-rabbit-v2.png"; path = "../app/static/sensen-home-hero-rabbit-v2.png"; sourceTree = SOURCE_ROOT; };
		000000000000000000000329 /* sensen-prop-lantern-v1.png */ = {isa = PBXFileReference; lastKnownFileType = image.png; name = "sensen-prop-lantern-v1.png"; path = "../app/static/sensen-prop-lantern-v1.png"; sourceTree = SOURCE_ROOT; };
		000000000000000000000330 /* sensen-rabbit-flat-icon-v1.png */ = {isa = PBXFileReference; lastKnownFileType = image.png; name = "sensen-rabbit-flat-icon-v1.png"; path = "../app/static/sensen-rabbit-flat-icon-v1.png"; sourceTree = SOURCE_ROOT; };
		000000000000000000000331 /* sensen-emoji-yoyo-bashful-v1.png */ = {isa = PBXFileReference; lastKnownFileType = image.png; name = "sensen-emoji-yoyo-bashful-v1.png"; path = "../app/static/sensen-emoji-yoyo-bashful-v1.png"; sourceTree = SOURCE_ROOT; };
		000000000000000000000332 /* sensen-emoji-yoyo-bashful.webp */ = {isa = PBXFileReference; lastKnownFileType = image.webp; name = "sensen-emoji-yoyo-bashful.webp"; path = "../app/static/sensen-emoji-yoyo-bashful.webp"; sourceTree = SOURCE_ROOT; };
		000000000000000000000333 /* sensen-emoji-yoyo-concerned.webp */ = {isa = PBXFileReference; lastKnownFileType = image.webp; name = "sensen-emoji-yoyo-concerned.webp"; path = "../app/static/sensen-emoji-yoyo-concerned.webp"; sourceTree = SOURCE_ROOT; };
		000000000000000000000334 /* sensen-emoji-yoyo-gentlesmile.webp */ = {isa = PBXFileReference; lastKnownFileType = image.webp; name = "sensen-emoji-yoyo-gentlesmile.webp"; path = "../app/static/sensen-emoji-yoyo-gentlesmile.webp"; sourceTree = SOURCE_ROOT; };
		000000000000000000000335 /* sensen-emoji-yoyo-hug.webp */ = {isa = PBXFileReference; lastKnownFileType = image.webp; name = "sensen-emoji-yoyo-hug.webp"; path = "../app/static/sensen-emoji-yoyo-hug.webp"; sourceTree = SOURCE_ROOT; };
		000000000000000000000336 /* sensen-emoji-yoyo-listening.webp */ = {isa = PBXFileReference; lastKnownFileType = image.webp; name = "sensen-emoji-yoyo-listening.webp"; path = "../app/static/sensen-emoji-yoyo-listening.webp"; sourceTree = SOURCE_ROOT; };
		000000000000000000000337 /* sensen-emoji-yoyo-proud.webp */ = {isa = PBXFileReference; lastKnownFileType = image.webp; name = "sensen-emoji-yoyo-proud.webp"; path = "../app/static/sensen-emoji-yoyo-proud.webp"; sourceTree = SOURCE_ROOT; };
		000000000000000000000338 /* sensen-emoji-yoyo-understanding.webp */ = {isa = PBXFileReference; lastKnownFileType = image.webp; name = "sensen-emoji-yoyo-understanding.webp"; path = "../app/static/sensen-emoji-yoyo-understanding.webp"; sourceTree = SOURCE_ROOT; };
		000000000000000000000339 /* sensen-emoji-momo-celebrate.webp */ = {isa = PBXFileReference; lastKnownFileType = image.webp; name = "sensen-emoji-momo-celebrate.webp"; path = "../app/static/sensen-emoji-momo-celebrate.webp"; sourceTree = SOURCE_ROOT; };
		000000000000000000000340 /* sensen-emoji-momo-curious.webp */ = {isa = PBXFileReference; lastKnownFileType = image.webp; name = "sensen-emoji-momo-curious.webp"; path = "../app/static/sensen-emoji-momo-curious.webp"; sourceTree = SOURCE_ROOT; };
		000000000000000000000341 /* sensen-emoji-momo-encouraging.webp */ = {isa = PBXFileReference; lastKnownFileType = image.webp; name = "sensen-emoji-momo-encouraging.webp"; path = "../app/static/sensen-emoji-momo-encouraging.webp"; sourceTree = SOURCE_ROOT; };
		000000000000000000000342 /* sensen-emoji-momo-hi.webp */ = {isa = PBXFileReference; lastKnownFileType = image.webp; name = "sensen-emoji-momo-hi.webp"; path = "../app/static/sensen-emoji-momo-hi.webp"; sourceTree = SOURCE_ROOT; };
		000000000000000000000343 /* sensen-emoji-momo-ok.webp */ = {isa = PBXFileReference; lastKnownFileType = image.webp; name = "sensen-emoji-momo-ok.webp"; path = "../app/static/sensen-emoji-momo-ok.webp"; sourceTree = SOURCE_ROOT; };
		000000000000000000000344 /* sensen-emoji-momo-ready.webp */ = {isa = PBXFileReference; lastKnownFileType = image.webp; name = "sensen-emoji-momo-ready.webp"; path = "../app/static/sensen-emoji-momo-ready.webp"; sourceTree = SOURCE_ROOT; };
		000000000000000000000345 /* sensen-emoji-momo-thinking.webp */ = {isa = PBXFileReference; lastKnownFileType = image.webp; name = "sensen-emoji-momo-thinking.webp"; path = "../app/static/sensen-emoji-momo-thinking.webp"; sourceTree = SOURCE_ROOT; };
		000000000000000000000346 /* sensen-emoji-momo-wistful.webp */ = {isa = PBXFileReference; lastKnownFileType = image.webp; name = "sensen-emoji-momo-wistful.webp"; path = "../app/static/sensen-emoji-momo-wistful.webp"; sourceTree = SOURCE_ROOT; };
		000000000000000000000347 /* sensen-emoji-yoran-content.webp */ = {isa = PBXFileReference; lastKnownFileType = image.webp; name = "sensen-emoji-yoran-content.webp"; path = "../app/static/sensen-emoji-yoran-content.webp"; sourceTree = SOURCE_ROOT; };
		000000000000000000000348 /* sensen-emoji-yoran-ready.webp */ = {isa = PBXFileReference; lastKnownFileType = image.webp; name = "sensen-emoji-yoran-ready.webp"; path = "../app/static/sensen-emoji-yoran-ready.webp"; sourceTree = SOURCE_ROOT; };
		000000000000000000000349 /* sensen-emoji-yoran-sad.webp */ = {isa = PBXFileReference; lastKnownFileType = image.webp; name = "sensen-emoji-yoran-sad.webp"; path = "../app/static/sensen-emoji-yoran-sad.webp"; sourceTree = SOURCE_ROOT; };
		000000000000000000000350 /* sensen-emoji-yoran-serene.webp */ = {isa = PBXFileReference; lastKnownFileType = image.webp; name = "sensen-emoji-yoran-serene.webp"; path = "../app/static/sensen-emoji-yoran-serene.webp"; sourceTree = SOURCE_ROOT; };
		000000000000000000000351 /* sensen-emoji-yoran-wistful.webp */ = {isa = PBXFileReference; lastKnownFileType = image.webp; name = "sensen-emoji-yoran-wistful.webp"; path = "../app/static/sensen-emoji-yoran-wistful.webp"; sourceTree = SOURCE_ROOT; };
		000000000000000000000352 /* sensen-scene-moonlight-tea.png */ = {isa = PBXFileReference; lastKnownFileType = image.png; name = "sensen-scene-moonlight-tea.png"; path = "../app/static/sensen-scene-moonlight-tea.png"; sourceTree = SOURCE_ROOT; };
		000000000000000000000353 /* sensen-scene-campfire-companion.png */ = {isa = PBXFileReference; lastKnownFileType = image.png; name = "sensen-scene-campfire-companion.png"; path = "../app/static/sensen-scene-campfire-companion.png"; sourceTree = SOURCE_ROOT; };
		000000000000000000000354 /* sensen-scene-rainy-mushroom-house.png */ = {isa = PBXFileReference; lastKnownFileType = image.png; name = "sensen-scene-rainy-mushroom-house.png"; path = "../app/static/sensen-scene-rainy-mushroom-house.png"; sourceTree = SOURCE_ROOT; };
		000000000000000000000355 /* sensen-scene-forest-bench.png */ = {isa = PBXFileReference; lastKnownFileType = image.png; name = "sensen-scene-forest-bench.png"; path = "../app/static/sensen-scene-forest-bench.png"; sourceTree = SOURCE_ROOT; };
		000000000000000000000356 /* sensen-scene-starlight-post-office.png */ = {isa = PBXFileReference; lastKnownFileType = image.png; name = "sensen-scene-starlight-post-office.png"; path = "../app/static/sensen-scene-starlight-post-office.png"; sourceTree = SOURCE_ROOT; };
		000000000000000000000357 /* sensen-scene-river-afternoon.png */ = {isa = PBXFileReference; lastKnownFileType = image.png; name = "sensen-scene-river-afternoon.png"; path = "../app/static/sensen-scene-river-afternoon.png"; sourceTree = SOURCE_ROOT; };
		000000000000000000000358 /* sensen-scene-flower-garden-gathering.png */ = {isa = PBXFileReference; lastKnownFileType = image.png; name = "sensen-scene-flower-garden-gathering.png"; path = "../app/static/sensen-scene-flower-garden-gathering.png"; sourceTree = SOURCE_ROOT; };
		000000000000000000000359 /* sensen-scene-rainbow-hill.png */ = {isa = PBXFileReference; lastKnownFileType = image.png; name = "sensen-scene-rainbow-hill.png"; path = "../app/static/sensen-scene-rainbow-hill.png"; sourceTree = SOURCE_ROOT; };
		000000000000000000000360 /* sensen-scene-snow-cabin.png */ = {isa = PBXFileReference; lastKnownFileType = image.png; name = "sensen-scene-snow-cabin.png"; path = "../app/static/sensen-scene-snow-cabin.png"; sourceTree = SOURCE_ROOT; };
		000000000000000000000361 /* sensen-scene-morning-breakfast-shop.png */ = {isa = PBXFileReference; lastKnownFileType = image.png; name = "sensen-scene-morning-breakfast-shop.png"; path = "../app/static/sensen-scene-morning-breakfast-shop.png"; sourceTree = SOURCE_ROOT; };
		000000000000000000000362 /* sensen-scene-firefly-meadow.png */ = {isa = PBXFileReference; lastKnownFileType = image.png; name = "sensen-scene-firefly-meadow.png"; path = "../app/static/sensen-scene-firefly-meadow.png"; sourceTree = SOURCE_ROOT; };
		000000000000000000000363 /* sensen-scene-forest-library.png */ = {isa = PBXFileReference; lastKnownFileType = image.png; name = "sensen-scene-forest-library.png"; path = "../app/static/sensen-scene-forest-library.png"; sourceTree = SOURCE_ROOT; };
		000000000000000000000364 /* sensen-scene-wishing-tree.png */ = {isa = PBXFileReference; lastKnownFileType = image.png; name = "sensen-scene-wishing-tree.png"; path = "../app/static/sensen-scene-wishing-tree.png"; sourceTree = SOURCE_ROOT; };
		000000000000000000000365 /* sensen-scene-sunset-lake.png */ = {isa = PBXFileReference; lastKnownFileType = image.png; name = "sensen-scene-sunset-lake.png"; path = "../app/static/sensen-scene-sunset-lake.png"; sourceTree = SOURCE_ROOT; };
		000000000000000000000366 /* sensen-scene-cloud-observatory.png */ = {isa = PBXFileReference; lastKnownFileType = image.png; name = "sensen-scene-cloud-observatory.png"; path = "../app/static/sensen-scene-cloud-observatory.png"; sourceTree = SOURCE_ROOT; };
		000000000000000000000367 /* sensen-home-cloud-observatory-full.png */ = {isa = PBXFileReference; lastKnownFileType = image.png; name = "sensen-home-cloud-observatory-full.png"; path = "../app/static/sensen-home-cloud-observatory-full.png"; sourceTree = SOURCE_ROOT; };
		000000000000000000000368 /* StarMapView.swift */ = {isa = PBXFileReference; lastKnownFileType = sourcecode.swift; path = StarMapView.swift; sourceTree = "<group>"; };
		000000000000000000000369 /* home_background_cloud.png */ = {isa = PBXFileReference; lastKnownFileType = image.png; name = home_background_cloud.png; path = ../app/static/home_background_cloud.png; sourceTree = SOURCE_ROOT; };
		000000000000000000000370 /* starmap_background_cloud.png */ = {isa = PBXFileReference; lastKnownFileType = image.png; name = starmap_background_cloud.png; path = ../app/static/starmap_background_cloud.png; sourceTree = SOURCE_ROOT; };
		000000000000000000000371 /* forest_map_background.png */ = {isa = PBXFileReference; lastKnownFileType = image.png; name = forest_map_background.png; path = ../app/static/forest_map_background.png; sourceTree = SOURCE_ROOT; };
		000000000000000000000372 /* bailan-rabbit-couch.png */ = {isa = PBXFileReference; lastKnownFileType = image.png; name = "bailan-rabbit-couch.png"; path = "../app/static/bailan-rabbit-couch.png"; sourceTree = SOURCE_ROOT; };
		000000000000000000000373 /* bailan-destroy-button.png */ = {isa = PBXFileReference; lastKnownFileType = image.png; name = "bailan-destroy-button.png"; path = "../app/static/bailan-destroy-button.png"; sourceTree = SOURCE_ROOT; };
		000000000000000000000374 /* bailan-world-destroyed.png */ = {isa = PBXFileReference; lastKnownFileType = image.png; name = "bailan-world-destroyed.png"; path = "../app/static/bailan-world-destroyed.png"; sourceTree = SOURCE_ROOT; };
		000000000000000000000375 /* bailan-world-pause.png */ = {isa = PBXFileReference; lastKnownFileType = image.png; name = "bailan-world-pause.png"; path = "../app/static/bailan-world-pause.png"; sourceTree = SOURCE_ROOT; };
		000000000000000000000376 /* bailan-background.png */ = {isa = PBXFileReference; lastKnownFileType = image.png; name = "bailan-background.png"; path = "../app/static/bailan-background.png"; sourceTree = SOURCE_ROOT; };
		000000000000000000000377 /* bailan-sticker-sheet.png */ = {isa = PBXFileReference; lastKnownFileType = image.png; name = "bailan-sticker-sheet.png"; path = "../app/static/bailan-sticker-sheet.png"; sourceTree = SOURCE_ROOT; };
		000000000000000000000378 /* bailan-sticker-suanle.png */ = {isa = PBXFileReference; lastKnownFileType = image.png; name = "bailan-sticker-suanle.png"; path = "../app/static/bailan-sticker-suanle.png"; sourceTree = SOURCE_ROOT; };
		000000000000000000000379 /* bailan-sticker-dont-care.png */ = {isa = PBXFileReference; lastKnownFileType = image.png; name = "bailan-sticker-dont-care.png"; path = "../app/static/bailan-sticker-dont-care.png"; sourceTree = SOURCE_ROOT; };
		000000000000000000000380 /* bailan-sticker-lie-down.png */ = {isa = PBXFileReference; lastKnownFileType = image.png; name = "bailan-sticker-lie-down.png"; path = "../app/static/bailan-sticker-lie-down.png"; sourceTree = SOURCE_ROOT; };
		000000000000000000000381 /* bailan-sticker-milk-tea.png */ = {isa = PBXFileReference; lastKnownFileType = image.png; name = "bailan-sticker-milk-tea.png"; path = "../app/static/bailan-sticker-milk-tea.png"; sourceTree = SOURCE_ROOT; };
		000000000000000000000382 /* bailan-sticker-tomorrow.png */ = {isa = PBXFileReference; lastKnownFileType = image.png; name = "bailan-sticker-tomorrow.png"; path = "../app/static/bailan-sticker-tomorrow.png"; sourceTree = SOURCE_ROOT; };
		000000000000000000000383 /* bailan-sticker-not-moving.png */ = {isa = PBXFileReference; lastKnownFileType = image.png; name = "bailan-sticker-not-moving.png"; path = "../app/static/bailan-sticker-not-moving.png"; sourceTree = SOURCE_ROOT; };
		000000000000000000000384 /* bailan-sticker-not-listening.png */ = {isa = PBXFileReference; lastKnownFileType = image.png; name = "bailan-sticker-not-listening.png"; path = "../app/static/bailan-sticker-not-listening.png"; sourceTree = SOURCE_ROOT; };
		000000000000000000000385 /* bailan-sticker-tired.png */ = {isa = PBXFileReference; lastKnownFileType = image.png; name = "bailan-sticker-tired.png"; path = "../app/static/bailan-sticker-tired.png"; sourceTree = SOURCE_ROOT; };
		000000000000000000000386 /* bailan-sticker-no-meaning.png */ = {isa = PBXFileReference; lastKnownFileType = image.png; name = "bailan-sticker-no-meaning.png"; path = "../app/static/bailan-sticker-no-meaning.png"; sourceTree = SOURCE_ROOT; };
		000000000000000000000387 /* bailan-sticker-none-of-my-business.png */ = {isa = PBXFileReference; lastKnownFileType = image.png; name = "bailan-sticker-none-of-my-business.png"; path = "../app/static/bailan-sticker-none-of-my-business.png"; sourceTree = SOURCE_ROOT; };
		000000000000000000000388 /* bailan-sticker-tomorrow-chips.png */ = {isa = PBXFileReference; lastKnownFileType = image.png; name = "bailan-sticker-tomorrow-chips.png"; path = "../app/static/bailan-sticker-tomorrow-chips.png"; sourceTree = SOURCE_ROOT; };
		000000000000000000000389 /* bailan-sticker-lying-flat.png */ = {isa = PBXFileReference; lastKnownFileType = image.png; name = "bailan-sticker-lying-flat.png"; path = "../app/static/bailan-sticker-lying-flat.png"; sourceTree = SOURCE_ROOT; };
		000000000000000000000390 /* bailan-sticker-not-listening-blanket.png */ = {isa = PBXFileReference; lastKnownFileType = image.png; name = "bailan-sticker-not-listening-blanket.png"; path = "../app/static/bailan-sticker-not-listening-blanket.png"; sourceTree = SOURCE_ROOT; };
		000000000000000000000391 /* bailan-sticker-tired-table.png */ = {isa = PBXFileReference; lastKnownFileType = image.png; name = "bailan-sticker-tired-table.png"; path = "../app/static/bailan-sticker-tired-table.png"; sourceTree = SOURCE_ROOT; };
		000000000000000000000392 /* bailan-sticker-no-meaning-phone.png */ = {isa = PBXFileReference; lastKnownFileType = image.png; name = "bailan-sticker-no-meaning-phone.png"; path = "../app/static/bailan-sticker-no-meaning-phone.png"; sourceTree = SOURCE_ROOT; };
		000000000000000000000393 /* bailan-sticker-none-of-my-business-butterfly.png */ = {isa = PBXFileReference; lastKnownFileType = image.png; name = "bailan-sticker-none-of-my-business-butterfly.png"; path = "../app/static/bailan-sticker-none-of-my-business-butterfly.png"; sourceTree = SOURCE_ROOT; };
		000000000000000000000394 /* sensen-healing-wind-hill.png */ = {isa = PBXFileReference; lastKnownFileType = image.png; name = "sensen-healing-wind-hill.png"; path = "../app/static/sensen-healing-wind-hill.png"; sourceTree = SOURCE_ROOT; };
		000000000000000000000395 /* sensen-healing-seaside-nap.png */ = {isa = PBXFileReference; lastKnownFileType = image.png; name = "sensen-healing-seaside-nap.png"; path = "../app/static/sensen-healing-seaside-nap.png"; sourceTree = SOURCE_ROOT; };
		000000000000000000000396 /* sensen-healing-sea-overlook.png */ = {isa = PBXFileReference; lastKnownFileType = image.png; name = "sensen-healing-sea-overlook.png"; path = "../app/static/sensen-healing-sea-overlook.png"; sourceTree = SOURCE_ROOT; };
		000000000000000000000397 /* sensen-healing-sunny-rest.png */ = {isa = PBXFileReference; lastKnownFileType = image.png; name = "sensen-healing-sunny-rest.png"; path = "../app/static/sensen-healing-sunny-rest.png"; sourceTree = SOURCE_ROOT; };
		000000000000000000000398 /* sensen-healing-blue-balcony.png */ = {isa = PBXFileReference; lastKnownFileType = image.png; name = "sensen-healing-blue-balcony.png"; path = "../app/static/sensen-healing-blue-balcony.png"; sourceTree = SOURCE_ROOT; };
		000000000000000000000399 /* sensen-healing-sunset-field.png */ = {isa = PBXFileReference; lastKnownFileType = image.png; name = "sensen-healing-sunset-field.png"; path = "../app/static/sensen-healing-sunset-field.png"; sourceTree = SOURCE_ROOT; };
		000000000000000000000401 /* XiaodongwuYetanhui.app */ = {isa = PBXFileReference; explicitFileType = wrapper.application; includeInIndex = 0; path = XiaodongwuYetanhui.app; sourceTree = BUILT_PRODUCTS_DIR; };
		B00000000000000000000201 /* SecureSettingsStore.swift */ = {isa = PBXFileReference; lastKnownFileType = sourcecode.swift; path = SecureSettingsStore.swift; sourceTree = "<group>"; };
		B00000000000000000000202 /* LocalDeepSeekService.swift */ = {isa = PBXFileReference; lastKnownFileType = sourcecode.swift; path = LocalDeepSeekService.swift; sourceTree = "<group>"; };
		C00000000000000000000201 /* MacPrototypeView.swift */ = {isa = PBXFileReference; lastKnownFileType = sourcecode.swift; path = MacPrototypeView.swift; sourceTree = "<group>"; };
/* End PBXFileReference section */

/* Begin PBXFrameworksBuildPhase section */
		000000000000000000000501 /* Frameworks */ = {
			isa = PBXFrameworksBuildPhase;
			buildActionMask = 2147483647;
			files = (
				000000000000000000000111 /* libsqlite3.tbd in Frameworks */,
			);
			runOnlyForDeploymentPostprocessing = 0;
		};
/* End PBXFrameworksBuildPhase section */

/* Begin PBXGroup section */
		000000000000000000000601 = {
			isa = PBXGroup;
			children = (
				000000000000000000000602 /* XiaodongwuYetanhui */,
				000000000000000000000610 /* Linked Resources */,
				000000000000000000000611 /* Frameworks */,
				000000000000000000000612 /* Products */,
			);
			sourceTree = "<group>";
		};
		000000000000000000000602 /* XiaodongwuYetanhui */ = {
			isa = PBXGroup;
			children = (
				000000000000000000000603 /* App */,
				000000000000000000000326 /* Assets.xcassets */,
				000000000000000000000604 /* Models */,
				000000000000000000000605 /* Services */,
				000000000000000000000606 /* Views */,
			);
			path = XiaodongwuYetanhui;
			sourceTree = "<group>";
		};
		000000000000000000000603 /* App */ = {
			isa = PBXGroup;
			children = (
				000000000000000000000201 /* XiaodongwuYetanhuiApp.swift */,
				000000000000000000000202 /* AppRootView.swift */,
				000000000000000000000211 /* Info.plist */,
			);
			path = App;
			sourceTree = "<group>";
		};
		000000000000000000000604 /* Models */ = {
			isa = PBXGroup;
			children = (
				000000000000000000000203 /* CompanionModels.swift */,
			);
			path = Models;
			sourceTree = "<group>";
		};
		000000000000000000000605 /* Services */ = {
			isa = PBXGroup;
			children = (
				000000000000000000000204 /* SQLiteDatabase.swift */,
				000000000000000000000205 /* CompanionStore.swift */,
				000000000000000000000315 /* ChatService.swift */,
				000000000000000000000318 /* InteractionService.swift */,
				000000000000000000000320 /* RecommendationService.swift */,
				B00000000000000000000201 /* SecureSettingsStore.swift */,
				B00000000000000000000202 /* LocalDeepSeekService.swift */,
			);
			path = Services;
			sourceTree = "<group>";
		};
		000000000000000000000606 /* Views */ = {
			isa = PBXGroup;
			children = (
				000000000000000000000206 /* SharedViews.swift */,
				C00000000000000000000201 /* MacPrototypeView.swift */,
				000000000000000000000207 /* ChatView.swift */,
				000000000000000000000319 /* InteractionViews.swift */,
				000000000000000000000208 /* StateOverviewView.swift */,
				000000000000000000000209 /* MemoryListView.swift */,
				000000000000000000000210 /* CompanionGardenView.swift */,
				000000000000000000000368 /* StarMapView.swift */,
				000000000000000000000316 /* SettingsView.swift */,
				000000000000000000000317 /* EmotionCheckInView.swift */,
			);
			path = Views;
			sourceTree = "<group>";
		};
		000000000000000000000610 /* Linked Resources */ = {
			isa = PBXGroup;
			children = (
				000000000000000000000303 /* mianmian-sheep-alpha.webp */,
				000000000000000000000304 /* shishi-turtle-alpha.webp */,
				000000000000000000000305 /* momo-crow-alpha.webp */,
				000000000000000000000306 /* youyou-rabbit-alpha.webp */,
				000000000000000000000307 /* shanshan-butterfly-alpha.webp */,
				000000000000000000000308 /* gangan-tiger-alpha.webp */,
				000000000000000000000309 /* mianmian-sheep-showcase.png */,
				000000000000000000000310 /* shishi-turtle-showcase.png */,
				000000000000000000000311 /* momo-crow-showcase.png */,
				000000000000000000000312 /* youyou-rabbit-showcase.png */,
				000000000000000000000313 /* shanshan-butterfly-showcase.png */,
				000000000000000000000314 /* gangan-tiger-showcase.png */,
				000000000000000000000321 /* nighttalk-home-bg-v1.png */,
				000000000000000000000322 /* nighttalk-home-bg-v2.png */,
				000000000000000000000323 /* nighttalk-home-bg-v3.png */,
				000000000000000000000324 /* nighttalk-home-bg-v4.png */,
				000000000000000000000325 /* nighttalk-home-bg-v6.png */,
				000000000000000000000327 /* sensen-home-rabbit-quiet-v1.png */,
				000000000000000000000328 /* sensen-home-hero-rabbit-v2.png */,
				000000000000000000000329 /* sensen-prop-lantern-v1.png */,
				000000000000000000000330 /* sensen-rabbit-flat-icon-v1.png */,
				000000000000000000000331 /* sensen-emoji-yoyo-bashful-v1.png */,
				000000000000000000000332 /* sensen-emoji-yoyo-bashful.webp */,
				000000000000000000000333 /* sensen-emoji-yoyo-concerned.webp */,
				000000000000000000000334 /* sensen-emoji-yoyo-gentlesmile.webp */,
				000000000000000000000335 /* sensen-emoji-yoyo-hug.webp */,
				000000000000000000000336 /* sensen-emoji-yoyo-listening.webp */,
				000000000000000000000337 /* sensen-emoji-yoyo-proud.webp */,
				000000000000000000000338 /* sensen-emoji-yoyo-understanding.webp */,
				000000000000000000000339 /* sensen-emoji-momo-celebrate.webp */,
				000000000000000000000340 /* sensen-emoji-momo-curious.webp */,
				000000000000000000000341 /* sensen-emoji-momo-encouraging.webp */,
				000000000000000000000342 /* sensen-emoji-momo-hi.webp */,
				000000000000000000000343 /* sensen-emoji-momo-ok.webp */,
				000000000000000000000344 /* sensen-emoji-momo-ready.webp */,
				000000000000000000000345 /* sensen-emoji-momo-thinking.webp */,
				000000000000000000000346 /* sensen-emoji-momo-wistful.webp */,
				000000000000000000000347 /* sensen-emoji-yoran-content.webp */,
				000000000000000000000348 /* sensen-emoji-yoran-ready.webp */,
				000000000000000000000349 /* sensen-emoji-yoran-sad.webp */,
				000000000000000000000350 /* sensen-emoji-yoran-serene.webp */,
				000000000000000000000351 /* sensen-emoji-yoran-wistful.webp */,
				000000000000000000000352 /* sensen-scene-moonlight-tea.png */,
				000000000000000000000353 /* sensen-scene-campfire-companion.png */,
				000000000000000000000354 /* sensen-scene-rainy-mushroom-house.png */,
				000000000000000000000355 /* sensen-scene-forest-bench.png */,
				000000000000000000000356 /* sensen-scene-starlight-post-office.png */,
				000000000000000000000357 /* sensen-scene-river-afternoon.png */,
				000000000000000000000358 /* sensen-scene-flower-garden-gathering.png */,
				000000000000000000000359 /* sensen-scene-rainbow-hill.png */,
				000000000000000000000360 /* sensen-scene-snow-cabin.png */,
				000000000000000000000361 /* sensen-scene-morning-breakfast-shop.png */,
				000000000000000000000362 /* sensen-scene-firefly-meadow.png */,
				000000000000000000000363 /* sensen-scene-forest-library.png */,
				000000000000000000000364 /* sensen-scene-wishing-tree.png */,
				000000000000000000000365 /* sensen-scene-sunset-lake.png */,
				000000000000000000000366 /* sensen-scene-cloud-observatory.png */,
				000000000000000000000367 /* sensen-home-cloud-observatory-full.png */,
				000000000000000000000369 /* home_background_cloud.png */,
				000000000000000000000370 /* starmap_background_cloud.png */,
				000000000000000000000371 /* forest_map_background.png */,
				000000000000000000000372 /* bailan-rabbit-couch.png */,
				000000000000000000000373 /* bailan-destroy-button.png */,
				000000000000000000000374 /* bailan-world-destroyed.png */,
				000000000000000000000375 /* bailan-world-pause.png */,
				000000000000000000000376 /* bailan-background.png */,
				000000000000000000000377 /* bailan-sticker-sheet.png */,
				000000000000000000000378 /* bailan-sticker-suanle.png */,
				000000000000000000000379 /* bailan-sticker-dont-care.png */,
				000000000000000000000380 /* bailan-sticker-lie-down.png */,
				000000000000000000000381 /* bailan-sticker-milk-tea.png */,
				000000000000000000000382 /* bailan-sticker-tomorrow.png */,
				000000000000000000000383 /* bailan-sticker-not-moving.png */,
				000000000000000000000384 /* bailan-sticker-not-listening.png */,
				000000000000000000000385 /* bailan-sticker-tired.png */,
				000000000000000000000386 /* bailan-sticker-no-meaning.png */,
				000000000000000000000387 /* bailan-sticker-none-of-my-business.png */,
				000000000000000000000388 /* bailan-sticker-tomorrow-chips.png */,
				000000000000000000000389 /* bailan-sticker-lying-flat.png */,
				000000000000000000000390 /* bailan-sticker-not-listening-blanket.png */,
				000000000000000000000391 /* bailan-sticker-tired-table.png */,
				000000000000000000000392 /* bailan-sticker-no-meaning-phone.png */,
				000000000000000000000393 /* bailan-sticker-none-of-my-business-butterfly.png */,
				000000000000000000000394 /* sensen-healing-wind-hill.png */,
				000000000000000000000395 /* sensen-healing-seaside-nap.png */,
				000000000000000000000396 /* sensen-healing-sea-overlook.png */,
				000000000000000000000397 /* sensen-healing-sunny-rest.png */,
				000000000000000000000398 /* sensen-healing-blue-balcony.png */,
				000000000000000000000399 /* sensen-healing-sunset-field.png */,
			);
			name = "Linked Resources";
			sourceTree = "<group>";
		};
		000000000000000000000611 /* Frameworks */ = {
			isa = PBXGroup;
			children = (
				000000000000000000000301 /* libsqlite3.tbd */,
			);
			name = Frameworks;
			sourceTree = "<group>";
		};
		000000000000000000000612 /* Products */ = {
			isa = PBXGroup;
			children = (
				000000000000000000000401 /* XiaodongwuYetanhui.app */,
			);
			name = Products;
			sourceTree = "<group>";
		};
/* End PBXGroup section */

/* Begin PBXNativeTarget section */
		000000000000000000000701 /* XiaodongwuYetanhui */ = {
			isa = PBXNativeTarget;
			buildConfigurationList = 000000000000000000000903 /* Build configuration list for PBXNativeTarget "XiaodongwuYetanhui" */;
			buildPhases = (
				000000000000000000000801 /* Sources */,
				000000000000000000000501 /* Frameworks */,
				000000000000000000000802 /* Resources */,
			);
			buildRules = (
			);
			dependencies = (
			);
			name = XiaodongwuYetanhui;
			productName = XiaodongwuYetanhui;
			productReference = 000000000000000000000401 /* XiaodongwuYetanhui.app */;
			productType = "com.apple.product-type.application";
		};
/* End PBXNativeTarget section */

/* Begin PBXProject section */
		000000000000000000000001 /* Project object */ = {
			isa = PBXProject;
			attributes = {
				BuildIndependentTargetsInParallel = 1;
				LastSwiftUpdateCheck = 2650;
				LastUpgradeCheck = 2660;
				TargetAttributes = {
					000000000000000000000701 = {
						CreatedOnToolsVersion = 26.5;
					};
				};
			};
			buildConfigurationList = 000000000000000000000900 /* Build configuration list for PBXProject "XiaodongwuYetanhui" */;
			compatibilityVersion = "Xcode 14.0";
			developmentRegion = en;
			hasScannedForEncodings = 0;
			knownRegions = (
				en,
				Base,
				"zh-Hans",
			);
			mainGroup = 000000000000000000000601;
			productRefGroup = 000000000000000000000612 /* Products */;
			projectDirPath = "";
			projectRoot = "";
			targets = (
				000000000000000000000701 /* XiaodongwuYetanhui */,
			);
		};
/* End PBXProject section */

/* Begin PBXResourcesBuildPhase section */
		000000000000000000000802 /* Resources */ = {
			isa = PBXResourcesBuildPhase;
			buildActionMask = 2147483647;
			files = (
				000000000000000000000113 /* mianmian-sheep-alpha.webp in Resources */,
				000000000000000000000114 /* shishi-turtle-alpha.webp in Resources */,
				000000000000000000000115 /* momo-crow-alpha.webp in Resources */,
				000000000000000000000116 /* youyou-rabbit-alpha.webp in Resources */,
				000000000000000000000117 /* shanshan-butterfly-alpha.webp in Resources */,
				000000000000000000000118 /* gangan-tiger-alpha.webp in Resources */,
				000000000000000000000119 /* mianmian-sheep-showcase.png in Resources */,
				000000000000000000000120 /* shishi-turtle-showcase.png in Resources */,
				000000000000000000000121 /* momo-crow-showcase.png in Resources */,
				000000000000000000000122 /* youyou-rabbit-showcase.png in Resources */,
				000000000000000000000123 /* shanshan-butterfly-showcase.png in Resources */,
				000000000000000000000124 /* gangan-tiger-showcase.png in Resources */,
				000000000000000000000131 /* nighttalk-home-bg-v1.png in Resources */,
				000000000000000000000132 /* nighttalk-home-bg-v2.png in Resources */,
				000000000000000000000133 /* nighttalk-home-bg-v3.png in Resources */,
				000000000000000000000134 /* nighttalk-home-bg-v4.png in Resources */,
				000000000000000000000135 /* nighttalk-home-bg-v6.png in Resources */,
				000000000000000000000136 /* Assets.xcassets in Resources */,
				000000000000000000000137 /* sensen-home-rabbit-quiet-v1.png in Resources */,
				000000000000000000000138 /* sensen-home-hero-rabbit-v2.png in Resources */,
				000000000000000000000139 /* sensen-prop-lantern-v1.png in Resources */,
				000000000000000000000140 /* sensen-rabbit-flat-icon-v1.png in Resources */,
				000000000000000000000141 /* sensen-emoji-yoyo-bashful-v1.png in Resources */,
				000000000000000000000142 /* sensen-emoji-yoyo-bashful.webp in Resources */,
				000000000000000000000143 /* sensen-emoji-yoyo-concerned.webp in Resources */,
				000000000000000000000144 /* sensen-emoji-yoyo-gentlesmile.webp in Resources */,
				000000000000000000000145 /* sensen-emoji-yoyo-hug.webp in Resources */,
				000000000000000000000146 /* sensen-emoji-yoyo-listening.webp in Resources */,
				000000000000000000000147 /* sensen-emoji-yoyo-proud.webp in Resources */,
				000000000000000000000148 /* sensen-emoji-yoyo-understanding.webp in Resources */,
				000000000000000000000149 /* sensen-emoji-momo-celebrate.webp in Resources */,
				000000000000000000000150 /* sensen-emoji-momo-curious.webp in Resources */,
				000000000000000000000151 /* sensen-emoji-momo-encouraging.webp in Resources */,
				000000000000000000000152 /* sensen-emoji-momo-hi.webp in Resources */,
				000000000000000000000153 /* sensen-emoji-momo-ok.webp in Resources */,
				000000000000000000000154 /* sensen-emoji-momo-ready.webp in Resources */,
				000000000000000000000155 /* sensen-emoji-momo-thinking.webp in Resources */,
				000000000000000000000156 /* sensen-emoji-momo-wistful.webp in Resources */,
				000000000000000000000157 /* sensen-emoji-yoran-content.webp in Resources */,
				000000000000000000000158 /* sensen-emoji-yoran-ready.webp in Resources */,
				000000000000000000000159 /* sensen-emoji-yoran-sad.webp in Resources */,
				000000000000000000000160 /* sensen-emoji-yoran-serene.webp in Resources */,
				000000000000000000000161 /* sensen-emoji-yoran-wistful.webp in Resources */,
				000000000000000000000162 /* sensen-scene-moonlight-tea.png in Resources */,
				000000000000000000000163 /* sensen-scene-campfire-companion.png in Resources */,
				000000000000000000000164 /* sensen-scene-rainy-mushroom-house.png in Resources */,
				000000000000000000000165 /* sensen-scene-forest-bench.png in Resources */,
				000000000000000000000166 /* sensen-scene-starlight-post-office.png in Resources */,
				000000000000000000000167 /* sensen-scene-river-afternoon.png in Resources */,
				000000000000000000000168 /* sensen-scene-flower-garden-gathering.png in Resources */,
				000000000000000000000169 /* sensen-scene-rainbow-hill.png in Resources */,
				000000000000000000000170 /* sensen-scene-snow-cabin.png in Resources */,
				000000000000000000000171 /* sensen-scene-morning-breakfast-shop.png in Resources */,
				000000000000000000000172 /* sensen-scene-firefly-meadow.png in Resources */,
				000000000000000000000173 /* sensen-scene-forest-library.png in Resources */,
				000000000000000000000174 /* sensen-scene-wishing-tree.png in Resources */,
				000000000000000000000175 /* sensen-scene-sunset-lake.png in Resources */,
				000000000000000000000176 /* sensen-scene-cloud-observatory.png in Resources */,
				000000000000000000000177 /* sensen-home-cloud-observatory-full.png in Resources */,
				000000000000000000000179 /* home_background_cloud.png in Resources */,
				000000000000000000000180 /* starmap_background_cloud.png in Resources */,
				000000000000000000000181 /* forest_map_background.png in Resources */,
				000000000000000000000182 /* bailan-rabbit-couch.png in Resources */,
				000000000000000000000183 /* bailan-destroy-button.png in Resources */,
				000000000000000000000184 /* bailan-world-destroyed.png in Resources */,
				000000000000000000000185 /* bailan-world-pause.png in Resources */,
				000000000000000000000186 /* bailan-background.png in Resources */,
				000000000000000000000187 /* bailan-sticker-sheet.png in Resources */,
				000000000000000000000188 /* bailan-sticker-suanle.png in Resources */,
				000000000000000000000189 /* bailan-sticker-dont-care.png in Resources */,
				000000000000000000000190 /* bailan-sticker-lie-down.png in Resources */,
				000000000000000000000191 /* bailan-sticker-milk-tea.png in Resources */,
				000000000000000000000192 /* bailan-sticker-tomorrow.png in Resources */,
				000000000000000000000193 /* bailan-sticker-not-moving.png in Resources */,
				000000000000000000000194 /* bailan-sticker-not-listening.png in Resources */,
				000000000000000000000195 /* bailan-sticker-tired.png in Resources */,
				000000000000000000000196 /* bailan-sticker-no-meaning.png in Resources */,
				000000000000000000000197 /* bailan-sticker-none-of-my-business.png in Resources */,
				A00000000000000000000198 /* bailan-sticker-tomorrow-chips.png in Resources */,
				A00000000000000000000199 /* bailan-sticker-lying-flat.png in Resources */,
				A00000000000000000000200 /* bailan-sticker-not-listening-blanket.png in Resources */,
				A00000000000000000000201 /* bailan-sticker-tired-table.png in Resources */,
				A00000000000000000000202 /* bailan-sticker-no-meaning-phone.png in Resources */,
				A00000000000000000000203 /* bailan-sticker-none-of-my-business-butterfly.png in Resources */,
				A00000000000000000000204 /* sensen-healing-wind-hill.png in Resources */,
				A00000000000000000000205 /* sensen-healing-seaside-nap.png in Resources */,
				A00000000000000000000206 /* sensen-healing-sea-overlook.png in Resources */,
				A00000000000000000000207 /* sensen-healing-sunny-rest.png in Resources */,
				A00000000000000000000208 /* sensen-healing-blue-balcony.png in Resources */,
				A00000000000000000000209 /* sensen-healing-sunset-field.png in Resources */,
			);
			runOnlyForDeploymentPostprocessing = 0;
		};
/* End PBXResourcesBuildPhase section */

/* Begin PBXSourcesBuildPhase section */
		000000000000000000000801 /* Sources */ = {
			isa = PBXSourcesBuildPhase;
			buildActionMask = 2147483647;
			files = (
				000000000000000000000101 /* XiaodongwuYetanhuiApp.swift in Sources */,
				000000000000000000000102 /* AppRootView.swift in Sources */,
				000000000000000000000103 /* CompanionModels.swift in Sources */,
				000000000000000000000104 /* SQLiteDatabase.swift in Sources */,
				000000000000000000000105 /* CompanionStore.swift in Sources */,
				000000000000000000000125 /* ChatService.swift in Sources */,
				000000000000000000000128 /* InteractionService.swift in Sources */,
				000000000000000000000130 /* RecommendationService.swift in Sources */,
				B00000000000000000000101 /* SecureSettingsStore.swift in Sources */,
				B00000000000000000000102 /* LocalDeepSeekService.swift in Sources */,
				000000000000000000000106 /* SharedViews.swift in Sources */,
				C00000000000000000000101 /* MacPrototypeView.swift in Sources */,
				000000000000000000000107 /* ChatView.swift in Sources */,
				000000000000000000000129 /* InteractionViews.swift in Sources */,
				000000000000000000000108 /* StateOverviewView.swift in Sources */,
				000000000000000000000109 /* MemoryListView.swift in Sources */,
				000000000000000000000110 /* CompanionGardenView.swift in Sources */,
				000000000000000000000178 /* StarMapView.swift in Sources */,
				000000000000000000000126 /* SettingsView.swift in Sources */,
				000000000000000000000127 /* EmotionCheckInView.swift in Sources */,
			);
			runOnlyForDeploymentPostprocessing = 0;
		};
/* End PBXSourcesBuildPhase section */

/* Begin XCBuildConfiguration section */
		000000000000000000000901 /* Debug */ = {
			isa = XCBuildConfiguration;
			buildSettings = {
				ALWAYS_SEARCH_USER_PATHS = NO;
				CLANG_ANALYZER_LOCALIZABILITY_NONLOCALIZED = YES;
				CLANG_ANALYZER_NONNULL = YES;
				CLANG_ANALYZER_NUMBER_OBJECT_CONVERSION = YES_AGGRESSIVE;
				CLANG_CXX_LANGUAGE_STANDARD = "gnu++20";
				CLANG_ENABLE_MODULES = YES;
				CLANG_ENABLE_OBJC_ARC = YES;
				CLANG_ENABLE_OBJC_WEAK = YES;
				CLANG_WARN_BLOCK_CAPTURE_AUTORELEASING = YES;
				CLANG_WARN_BOOL_CONVERSION = YES;
				CLANG_WARN_COMMA = YES;
				CLANG_WARN_CONSTANT_CONVERSION = YES;
				CLANG_WARN_DEPRECATED_OBJC_IMPLEMENTATIONS = YES;
				CLANG_WARN_DIRECT_OBJC_ISA_USAGE = YES_ERROR;
				CLANG_WARN_DOCUMENTATION_COMMENTS = YES;
				CLANG_WARN_EMPTY_BODY = YES;
				CLANG_WARN_ENUM_CONVERSION = YES;
				CLANG_WARN_INFINITE_RECURSION = YES;
				CLANG_WARN_INT_CONVERSION = YES;
				CLANG_WARN_NON_LITERAL_NULL_CONVERSION = YES;
				CLANG_WARN_OBJC_IMPLICIT_RETAIN_SELF = YES;
				CLANG_WARN_OBJC_LITERAL_CONVERSION = YES;
				CLANG_WARN_OBJC_ROOT_CLASS = YES_ERROR;
				CLANG_WARN_QUOTED_INCLUDE_IN_FRAMEWORK_HEADER = YES;
				CLANG_WARN_RANGE_LOOP_ANALYSIS = YES;
				CLANG_WARN_STRICT_PROTOTYPES = YES;
				CLANG_WARN_SUSPICIOUS_MOVE = YES;
				CLANG_WARN_UNGUARDED_AVAILABILITY = YES_AGGRESSIVE;
				CLANG_WARN_UNREACHABLE_CODE = YES;
				CLANG_WARN__DUPLICATE_METHOD_MATCH = YES;
				COPY_PHASE_STRIP = NO;
				DEBUG_INFORMATION_FORMAT = dwarf;
				DEVELOPMENT_TEAM = 644NS7Y9Z3;
				ENABLE_STRICT_OBJC_MSGSEND = YES;
				ENABLE_TESTABILITY = YES;
				ENABLE_USER_SCRIPT_SANDBOXING = YES;
				GCC_C_LANGUAGE_STANDARD = gnu17;
				GCC_DYNAMIC_NO_PIC = NO;
				GCC_NO_COMMON_BLOCKS = YES;
				GCC_OPTIMIZATION_LEVEL = 0;
				GCC_PREPROCESSOR_DEFINITIONS = (
					"DEBUG=1",
					"$(inherited)",
				);
				GCC_WARN_64_TO_32_BIT_CONVERSION = YES;
				GCC_WARN_ABOUT_RETURN_TYPE = YES_ERROR;
				GCC_WARN_UNDECLARED_SELECTOR = YES;
				GCC_WARN_UNINITIALIZED_AUTOS = YES_AGGRESSIVE;
				GCC_WARN_UNUSED_FUNCTION = YES;
				GCC_WARN_UNUSED_VARIABLE = YES;
				IPHONEOS_DEPLOYMENT_TARGET = 17.0;
				MTL_ENABLE_DEBUG_INFO = INCLUDE_SOURCE;
				MTL_FAST_MATH = YES;
				ONLY_ACTIVE_ARCH = YES;
				SDKROOT = iphoneos;
				STRING_CATALOG_GENERATE_SYMBOLS = YES;
				SWIFT_ACTIVE_COMPILATION_CONDITIONS = DEBUG;
				SWIFT_OPTIMIZATION_LEVEL = "-Onone";
			};
			name = Debug;
		};
		000000000000000000000902 /* Release */ = {
			isa = XCBuildConfiguration;
			buildSettings = {
				ALWAYS_SEARCH_USER_PATHS = NO;
				CLANG_ANALYZER_LOCALIZABILITY_NONLOCALIZED = YES;
				CLANG_ANALYZER_NONNULL = YES;
				CLANG_ANALYZER_NUMBER_OBJECT_CONVERSION = YES_AGGRESSIVE;
				CLANG_CXX_LANGUAGE_STANDARD = "gnu++20";
				CLANG_ENABLE_MODULES = YES;
				CLANG_ENABLE_OBJC_ARC = YES;
				CLANG_ENABLE_OBJC_WEAK = YES;
				CLANG_WARN_BLOCK_CAPTURE_AUTORELEASING = YES;
				CLANG_WARN_BOOL_CONVERSION = YES;
				CLANG_WARN_COMMA = YES;
				CLANG_WARN_CONSTANT_CONVERSION = YES;
				CLANG_WARN_DEPRECATED_OBJC_IMPLEMENTATIONS = YES;
				CLANG_WARN_DIRECT_OBJC_ISA_USAGE = YES_ERROR;
				CLANG_WARN_DOCUMENTATION_COMMENTS = YES;
				CLANG_WARN_EMPTY_BODY = YES;
				CLANG_WARN_ENUM_CONVERSION = YES;
				CLANG_WARN_INFINITE_RECURSION = YES;
				CLANG_WARN_INT_CONVERSION = YES;
				CLANG_WARN_NON_LITERAL_NULL_CONVERSION = YES;
				CLANG_WARN_OBJC_IMPLICIT_RETAIN_SELF = YES;
				CLANG_WARN_OBJC_LITERAL_CONVERSION = YES;
				CLANG_WARN_OBJC_ROOT_CLASS = YES_ERROR;
				CLANG_WARN_QUOTED_INCLUDE_IN_FRAMEWORK_HEADER = YES;
				CLANG_WARN_RANGE_LOOP_ANALYSIS = YES;
				CLANG_WARN_STRICT_PROTOTYPES = YES;
				CLANG_WARN_SUSPICIOUS_MOVE = YES;
				CLANG_WARN_UNGUARDED_AVAILABILITY = YES_AGGRESSIVE;
				CLANG_WARN_UNREACHABLE_CODE = YES;
				CLANG_WARN__DUPLICATE_METHOD_MATCH = YES;
				COPY_PHASE_STRIP = NO;
				DEBUG_INFORMATION_FORMAT = "dwarf-with-dsym";
				DEVELOPMENT_TEAM = 644NS7Y9Z3;
				ENABLE_NS_ASSERTIONS = NO;
				ENABLE_STRICT_OBJC_MSGSEND = YES;
				ENABLE_USER_SCRIPT_SANDBOXING = YES;
				GCC_C_LANGUAGE_STANDARD = gnu17;
				GCC_NO_COMMON_BLOCKS = YES;
				GCC_WARN_64_TO_32_BIT_CONVERSION = YES;
				GCC_WARN_ABOUT_RETURN_TYPE = YES_ERROR;
				GCC_WARN_UNDECLARED_SELECTOR = YES;
				GCC_WARN_UNINITIALIZED_AUTOS = YES_AGGRESSIVE;
				GCC_WARN_UNUSED_FUNCTION = YES;
				GCC_WARN_UNUSED_VARIABLE = YES;
				IPHONEOS_DEPLOYMENT_TARGET = 17.0;
				MTL_ENABLE_DEBUG_INFO = NO;
				MTL_FAST_MATH = YES;
				SDKROOT = iphoneos;
				STRING_CATALOG_GENERATE_SYMBOLS = YES;
				SWIFT_COMPILATION_MODE = wholemodule;
				VALIDATE_PRODUCT = YES;
			};
			name = Release;
		};
		000000000000000000000904 /* Debug */ = {
			isa = XCBuildConfiguration;
			buildSettings = {
				ASSETCATALOG_COMPILER_APPICON_NAME = AppIcon;
				CODE_SIGN_STYLE = Automatic;
				CURRENT_PROJECT_VERSION = 1;
				DEVELOPMENT_ASSET_PATHS = "";
				GENERATE_INFOPLIST_FILE = NO;
				INFOPLIST_FILE = XiaodongwuYetanhui/App/Info.plist;
				IPHONEOS_DEPLOYMENT_TARGET = 17.0;
				LD_RUNPATH_SEARCH_PATHS = (
					"$(inherited)",
					"@executable_path/Frameworks",
				);
				MARKETING_VERSION = 1.0;
				PRODUCT_BUNDLE_IDENTIFIER = com.xiaolu.nighttalk;
				PRODUCT_NAME = "$(TARGET_NAME)";
				SUPPORTED_PLATFORMS = "iphoneos iphonesimulator macosx";
				SUPPORTS_MACCATALYST = YES;
				SWIFT_EMIT_LOC_STRINGS = YES;
				SWIFT_VERSION = 5.0;
				TARGETED_DEVICE_FAMILY = "1,2";
			};
			name = Debug;
		};
		000000000000000000000905 /* Release */ = {
			isa = XCBuildConfiguration;
			buildSettings = {
				ASSETCATALOG_COMPILER_APPICON_NAME = AppIcon;
				CODE_SIGN_STYLE = Automatic;
				CURRENT_PROJECT_VERSION = 1;
				DEVELOPMENT_ASSET_PATHS = "";
				GENERATE_INFOPLIST_FILE = NO;
				INFOPLIST_FILE = XiaodongwuYetanhui/App/Info.plist;
				IPHONEOS_DEPLOYMENT_TARGET = 17.0;
				LD_RUNPATH_SEARCH_PATHS = (
					"$(inherited)",
					"@executable_path/Frameworks",
				);
				MARKETING_VERSION = 1.0;
				PRODUCT_BUNDLE_IDENTIFIER = com.xiaolu.nighttalk;
				PRODUCT_NAME = "$(TARGET_NAME)";
				SUPPORTED_PLATFORMS = "iphoneos iphonesimulator macosx";
				SUPPORTS_MACCATALYST = YES;
				SWIFT_EMIT_LOC_STRINGS = YES;
				SWIFT_VERSION = 5.0;
				TARGETED_DEVICE_FAMILY = "1,2";
			};
			name = Release;
		};
/* End XCBuildConfiguration section */

/* Begin XCConfigurationList section */
		000000000000000000000900 /* Build configuration list for PBXProject "XiaodongwuYetanhui" */ = {
			isa = XCConfigurationList;
			buildConfigurations = (
				000000000000000000000901 /* Debug */,
				000000000000000000000902 /* Release */,
			);
			defaultConfigurationIsVisible = 0;
			defaultConfigurationName = Release;
		};
		000000000000000000000903 /* Build configuration list for PBXNativeTarget "XiaodongwuYetanhui" */ = {
			isa = XCConfigurationList;
			buildConfigurations = (
				000000000000000000000904 /* Debug */,
				000000000000000000000905 /* Release */,
			);
			defaultConfigurationIsVisible = 0;
			defaultConfigurationName = Release;
		};
/* End XCConfigurationList section */
	};
	rootObject = 000000000000000000000001 /* Project object */;
}
